
Microsoft Visual Studio Solution File, Format Version 12.00
# Visual Studio 15
VisualStudioVersion = 15.0.28307.438
MinimumVisualStudioVersion = 10.0.40219.1
Project("{FAE04EC0-301F-11D3-BF4B-00C04F79EFBC}") = "LearnManagSystem", "LearnManagSystem\LearnManagSystem.csproj", "{D658F66E-64DC-4D0F-A162-31938EF8D090}"
EndProject
Global
	GlobalSection(SolutionConfigurationPlatforms) = preSolution
		Debug|Any CPU = Debug|Any CPU
		Release|Any CPU = Release|Any CPU
	EndGlobalSection
	GlobalSection(ProjectConfigurationPlatforms) = postSolution
		{D658F66E-64DC-4D0F-A162-31938EF8D090}.Debug|Any CPU.ActiveCfg = Debug|Any CPU
		{D658F66E-64DC-4D0F-A162-31938EF8D090}.Debug|Any CPU.Build.0 = Debug|Any CPU
		{D658F66E-64DC-4D0F-A162-31938EF8D090}.Release|Any CPU.ActiveCfg = Release|Any CPU
		{D658F66E-64DC-4D0F-A162-31938EF8D090}.Release|Any CPU.Build.0 = Release|Any CPU
	EndGlobalSection
	GlobalSection(SolutionProperties) = preSolution
		HideSolutionNode = FALSE
	EndGlobalSection
	GlobalSection(ExtensibilityGlobals) = postSolution
		SolutionGuid = {DA4F9CF9-53FD-4B47-AAF2-56B48EE40A1C}
	EndGlobalSection
EndGlobal
